
Microsoft Visual Studio Solution File, Format Version 12.00
# Visual Studio Version 16
VisualStudioVersion = 16.0.31229.75
MinimumVisualStudioVersion = 10.0.40219.1
Project("{9A19103F-16F7-4668-BE54-9A1E7A4F7556}") = "HelloWorldCsharp", "HelloWorldCsharp\HelloWorldCsharp.csproj", "{45AB8D0A-4C80-4BA7-BAB9-1436C7FE8D1C}"
EndProject
Project("{9A19103F-16F7-4668-BE54-9A1E7A4F7556}") = "DatatypesIntFloatDouble", "DatatypesIntFloatDouble\DatatypesIntFloatDouble.csproj", "{853FBC2D-1776-4085-8388-68995C9D34D1}"
EndProject
Project("{FAE04EC0-301F-11D3-BF4B-00C04F79EFBC}") = "DatatypeString", "DatatypeString\DatatypeString.csproj", "{DBB7DEF7-B0DF-4D59-BD5D-595A87AB2587}"
EndProject
Project("{FAE04EC0-301F-11D3-BF4B-00C04F79EFBC}") = "ReadVsReadLine", "ReadVsReadLine\ReadVsReadLine.csproj", "{725DC233-9364-4B04-AAC8-35BC46A69EE3}"
EndProject
Project("{2150E333-8FDC-42A3-9474-1A3956D46DE8}") = "Section1 DataTypes and Variables", "Section1 DataTypes and Variables", "{FC4E6C16-E6F9-4D34-BD0F-9FED331BC62C}"
EndProject
Project("{FAE04EC0-301F-11D3-BF4B-00C04F79EFBC}") = "NamingConventionsAndCodingStandards", "NamingConventionsAndCodingStandards\NamingConventionsAndCodingStandards.csproj", "{079964C8-03B4-4288-903C-E0A6A9889B8B}"
EndProject
Project("{FAE04EC0-301F-11D3-BF4B-00C04F79EFBC}") = "ImplicitAndExplicitConversion", "ImplicitAndExplicitConversion\ImplicitAndExplicitConversion.csproj", "{D68AB2D8-345B-43CE-B5F5-7A9EBA8F4A55}"
EndProject
Project("{FAE04EC0-301F-11D3-BF4B-00C04F79EFBC}") = "ParsingStringToInt", "ParsingStringToInt\ParsingStringToInt.csproj", "{DF8DC0B7-EA18-4F4F-8C64-8C9C417D0EB6}"
EndProject
Project("{FAE04EC0-301F-11D3-BF4B-00C04F79EFBC}") = "StringManipulation", "StringManipulation\StringManipulation.csproj", "{88ADA7CC-D008-4C46-970C-F2C8EE9AEF5E}"
EndProject
Project("{FAE04EC0-301F-11D3-BF4B-00C04F79EFBC}") = "Challenge1", "Challenge1\Challenge1.csproj", "{6A37EB07-F76D-4AD3-B691-EBC2EF33E6CC}"
EndProject
Project("{FAE04EC0-301F-11D3-BF4B-00C04F79EFBC}") = "Challenge2", "Challenge2\Challenge2.csproj", "{A20D4FB8-0C2A-4612-8EE1-969C9672A5E7}"
EndProject
Project("{FAE04EC0-301F-11D3-BF4B-00C04F79EFBC}") = "Challenge3", "Challenge3\Challenge3.csproj", "{C6795BEC-A12F-46BA-8156-208BEF87DAF9}"
EndProject
Global
	GlobalSection(SolutionConfigurationPlatforms) = preSolution
		Debug|Any CPU = Debug|Any CPU
		Release|Any CPU = Release|Any CPU
	EndGlobalSection
	GlobalSection(ProjectConfigurationPlatforms) = postSolution
		{45AB8D0A-4C80-4BA7-BAB9-1436C7FE8D1C}.Debug|Any CPU.ActiveCfg = Debug|Any CPU
		{45AB8D0A-4C80-4BA7-BAB9-1436C7FE8D1C}.Debug|Any CPU.Build.0 = Debug|Any CPU
		{45AB8D0A-4C80-4BA7-BAB9-1436C7FE8D1C}.Release|Any CPU.ActiveCfg = Release|Any CPU
		{45AB8D0A-4C80-4BA7-BAB9-1436C7FE8D1C}.Release|Any CPU.Build.0 = Release|Any CPU
		{853FBC2D-1776-4085-8388-68995C9D34D1}.Debug|Any CPU.ActiveCfg = Debug|Any CPU
		{853FBC2D-1776-4085-8388-68995C9D34D1}.Debug|Any CPU.Build.0 = Debug|Any CPU
		{853FBC2D-1776-4085-8388-68995C9D34D1}.Release|Any CPU.ActiveCfg = Release|Any CPU
		{853FBC2D-1776-4085-8388-68995C9D34D1}.Release|Any CPU.Build.0 = Release|Any CPU
		{DBB7DEF7-B0DF-4D59-BD5D-595A87AB2587}.Debug|Any CPU.ActiveCfg = Debug|Any CPU
		{DBB7DEF7-B0DF-4D59-BD5D-595A87AB2587}.Debug|Any CPU.Build.0 = Debug|Any CPU
		{DBB7DEF7-B0DF-4D59-BD5D-595A87AB2587}.Release|Any CPU.ActiveCfg = Release|Any CPU
		{DBB7DEF7-B0DF-4D59-BD5D-595A87AB2587}.Release|Any CPU.Build.0 = Release|Any CPU
		{725DC233-9364-4B04-AAC8-35BC46A69EE3}.Debug|Any CPU.ActiveCfg = Debug|Any CPU
		{725DC233-9364-4B04-AAC8-35BC46A69EE3}.Debug|Any CPU.Build.0 = Debug|Any CPU
		{725DC233-9364-4B04-AAC8-35BC46A69EE3}.Release|Any CPU.ActiveCfg = Release|Any CPU
		{725DC233-9364-4B04-AAC8-35BC46A69EE3}.Release|Any CPU.Build.0 = Release|Any CPU
		{079964C8-03B4-4288-903C-E0A6A9889B8B}.Debug|Any CPU.ActiveCfg = Debug|Any CPU
		{079964C8-03B4-4288-903C-E0A6A9889B8B}.Debug|Any CPU.Build.0 = Debug|Any CPU
		{079964C8-03B4-4288-903C-E0A6A9889B8B}.Release|Any CPU.ActiveCfg = Release|Any CPU
		{079964C8-03B4-4288-903C-E0A6A9889B8B}.Release|Any CPU.Build.0 = Release|Any CPU
		{D68AB2D8-345B-43CE-B5F5-7A9EBA8F4A55}.Debug|Any CPU.ActiveCfg = Debug|Any CPU
		{D68AB2D8-345B-43CE-B5F5-7A9EBA8F4A55}.Debug|Any CPU.Build.0 = Debug|Any CPU
		{D68AB2D8-345B-43CE-B5F5-7A9EBA8F4A55}.Release|Any CPU.ActiveCfg = Release|Any CPU
		{D68AB2D8-345B-43CE-B5F5-7A9EBA8F4A55}.Release|Any CPU.Build.0 = Release|Any CPU
		{DF8DC0B7-EA18-4F4F-8C64-8C9C417D0EB6}.Debug|Any CPU.ActiveCfg = Debug|Any CPU
		{DF8DC0B7-EA18-4F4F-8C64-8C9C417D0EB6}.Debug|Any CPU.Build.0 = Debug|Any CPU
		{DF8DC0B7-EA18-4F4F-8C64-8C9C417D0EB6}.Release|Any CPU.ActiveCfg = Release|Any CPU
		{DF8DC0B7-EA18-4F4F-8C64-8C9C417D0EB6}.Release|Any CPU.Build.0 = Release|Any CPU
		{88ADA7CC-D008-4C46-970C-F2C8EE9AEF5E}.Debug|Any CPU.ActiveCfg = Debug|Any CPU
		{88ADA7CC-D008-4C46-970C-F2C8EE9AEF5E}.Debug|Any CPU.Build.0 = Debug|Any CPU
		{88ADA7CC-D008-4C46-970C-F2C8EE9AEF5E}.Release|Any CPU.ActiveCfg = Release|Any CPU
		{88ADA7CC-D008-4C46-970C-F2C8EE9AEF5E}.Release|Any CPU.Build.0 = Release|Any CPU
		{6A37EB07-F76D-4AD3-B691-EBC2EF33E6CC}.Debug|Any CPU.ActiveCfg = Debug|Any CPU
		{6A37EB07-F76D-4AD3-B691-EBC2EF33E6CC}.Debug|Any CPU.Build.0 = Debug|Any CPU
		{6A37EB07-F76D-4AD3-B691-EBC2EF33E6CC}.Release|Any CPU.ActiveCfg = Release|Any CPU
		{6A37EB07-F76D-4AD3-B691-EBC2EF33E6CC}.Release|Any CPU.Build.0 = Release|Any CPU
		{A20D4FB8-0C2A-4612-8EE1-969C9672A5E7}.Debug|Any CPU.ActiveCfg = Debug|Any CPU
		{A20D4FB8-0C2A-4612-8EE1-969C9672A5E7}.Debug|Any CPU.Build.0 = Debug|Any CPU
		{A20D4FB8-0C2A-4612-8EE1-969C9672A5E7}.Release|Any CPU.ActiveCfg = Release|Any CPU
		{A20D4FB8-0C2A-4612-8EE1-969C9672A5E7}.Release|Any CPU.Build.0 = Release|Any CPU
		{C6795BEC-A12F-46BA-8156-208BEF87DAF9}.Debug|Any CPU.ActiveCfg = Debug|Any CPU
		{C6795BEC-A12F-46BA-8156-208BEF87DAF9}.Debug|Any CPU.Build.0 = Debug|Any CPU
		{C6795BEC-A12F-46BA-8156-208BEF87DAF9}.Release|Any CPU.ActiveCfg = Release|Any CPU
		{C6795BEC-A12F-46BA-8156-208BEF87DAF9}.Release|Any CPU.Build.0 = Release|Any CPU
	EndGlobalSection
	GlobalSection(SolutionProperties) = preSolution
		HideSolutionNode = FALSE
	EndGlobalSection
	GlobalSection(NestedProjects) = preSolution
		{45AB8D0A-4C80-4BA7-BAB9-1436C7FE8D1C} = {FC4E6C16-E6F9-4D34-BD0F-9FED331BC62C}
		{853FBC2D-1776-4085-8388-68995C9D34D1} = {FC4E6C16-E6F9-4D34-BD0F-9FED331BC62C}
		{DBB7DEF7-B0DF-4D59-BD5D-595A87AB2587} = {FC4E6C16-E6F9-4D34-BD0F-9FED331BC62C}
		{725DC233-9364-4B04-AAC8-35BC46A69EE3} = {FC4E6C16-E6F9-4D34-BD0F-9FED331BC62C}
		{079964C8-03B4-4288-903C-E0A6A9889B8B} = {FC4E6C16-E6F9-4D34-BD0F-9FED331BC62C}
		{D68AB2D8-345B-43CE-B5F5-7A9EBA8F4A55} = {FC4E6C16-E6F9-4D34-BD0F-9FED331BC62C}
		{DF8DC0B7-EA18-4F4F-8C64-8C9C417D0EB6} = {FC4E6C16-E6F9-4D34-BD0F-9FED331BC62C}
		{88ADA7CC-D008-4C46-970C-F2C8EE9AEF5E} = {FC4E6C16-E6F9-4D34-BD0F-9FED331BC62C}
		{6A37EB07-F76D-4AD3-B691-EBC2EF33E6CC} = {FC4E6C16-E6F9-4D34-BD0F-9FED331BC62C}
		{A20D4FB8-0C2A-4612-8EE1-969C9672A5E7} = {FC4E6C16-E6F9-4D34-BD0F-9FED331BC62C}
		{C6795BEC-A12F-46BA-8156-208BEF87DAF9} = {FC4E6C16-E6F9-4D34-BD0F-9FED331BC62C}
	EndGlobalSection
	GlobalSection(ExtensibilityGlobals) = postSolution
		SolutionGuid = {2BA798EC-9811-43D1-B580-4019AF0A56D3}
	EndGlobalSection
EndGlobal
